PODS:
  - Action (5.0.0):
    - RxCocoa (~> 6.0)
    - RxSwift (~> 6.0)
  - Alamofire (5.4.3)
  - BECollectionView (0.1.0):
    - PureLayout
    - RxCocoa
  - FeeRelayerSwift (1.0.0):
    - RxAlamofire
    - RxSwift
  - JazziconSwift (1.0.0)
  - LazySubject (0.1.0):
    - RxCocoa
    - RxSwift
  - ListPlaceholder (1.5)
  - NWWebSocket (0.5.2)
  - PureLayout (3.1.8)
  - PusherSwift (10.0.0):
    - NWWebSocket (~> 0.5.2)
    - TweetNacl (~> 1.0.0)
  - RxAlamofire (6.1.1):
    - RxAlamofire/Core (= 6.1.1)
  - RxAlamofire/Core (6.1.1):
    - Alamofire (~> 5.4)
    - RxSwift (~> 6.0)
  - RxBlocking (6.2.0):
    - RxSwift (= 6.2.0)
  - RxCocoa (6.2.0):
    - RxRelay (= 6.2.0)
    - RxSwift (= 6.2.0)
  - RxRelay (6.2.0):
    - RxSwift (= 6.2.0)
  - RxSwift (6.2.0)
  - SwiftGen (6.4.0)
  - SwiftLint (0.43.1)
  - THPinViewController (1.2.8)
  - TransakSwift (0.2.1):
    - PusherSwift
  - TweetNacl (1.0.2)

DEPENDENCIES:
  - Action
  - BECollectionView (from `BECollectionView`)
  - FeeRelayerSwift (from `FeeRelayerSwift`)
  - JazziconSwift
  - LazySubject (from `LazySubject`)
  - "ListPlaceholder (from `git@github.com:p2p-org/ListPlaceholder.git`, branch `custom_gradient_color`)"
  - RxBlocking
  - SwiftGen (~> 6.0)
  - SwiftLint
  - THPinViewController (from `THPinViewController`)
  - TransakSwift (from `TransakSwift`)

SPEC REPOS:
  trunk:
    - Action
    - Alamofire
    - JazziconSwift
    - NWWebSocket
    - PureLayout
    - PusherSwift
    - RxAlamofire
    - RxBlocking
    - RxCocoa
    - RxRelay
    - RxSwift
    - SwiftGen
    - SwiftLint
    - TweetNacl

EXTERNAL SOURCES:
  BECollectionView:
    :path: BECollectionView
  FeeRelayerSwift:
    :path: FeeRelayerSwift
  LazySubject:
    :path: LazySubject
  ListPlaceholder:
    :branch: custom_gradient_color
    :git: "git@github.com:p2p-org/ListPlaceholder.git"
  THPinViewController:
    :path: THPinViewController
  TransakSwift:
    :path: TransakSwift

CHECKOUT OPTIONS:
  ListPlaceholder:
    :commit: a729fd45aa22b9d087477d1ccedb9f4292762a58
    :git: "git@github.com:p2p-org/ListPlaceholder.git"

SPEC CHECKSUMS:
  Action: 47f1825511907b4fcd79dd7a7db9526c20f78018
  Alamofire: e447a2774a40c996748296fa2c55112fdbbc42f9
  BECollectionView: 9120725dd693271cef287447e3d1aa844f77535f
  FeeRelayerSwift: 0c3d322a5d914c43bc6ab3fd9d15b04bc2c3080b
  JazziconSwift: 0e92431adad8e4d0a8dcb50fd82c414784c86afe
  LazySubject: 9eb19a8524f377efd877f44d9f48c17be7962ebd
  ListPlaceholder: 2d7950014852ee5613d636cf14fd1bb93419e330
  NWWebSocket: 21f0c73639815da3272862c912275b26102aa80c
  PureLayout: a4afb3d79dd958564ce33d22c89f407280d8e6a8
  PusherSwift: 264eaceb921a5f8e166f01a2242371179540c7ff
  RxAlamofire: beb75a1c452d0de225651db4903f5d29d034a620
  RxBlocking: 0b29f7d2079109a8de49c411381bed7c33ef1eeb
  RxCocoa: 4baf94bb35f2c0ab31bc0cb9f1900155f646ba42
  RxRelay: e72dbfd157807478401ef1982e1c61c945c94b2f
  RxSwift: d356ab7bee873611322f134c5f9ef379fa183d8f
  SwiftGen: 67860cc7c3cfc2ed25b9b74cfd55495fc89f9108
  SwiftLint: 99f82d07b837b942dd563c668de129a03fc3fb52
  THPinViewController: d9d65cdc5670b99b82d4cef841c954caf4b78299
  TransakSwift: f421c332141a7add72864033164155ecfd78e07a
  TweetNacl: 3abf4d1d2082b0114e7a67410e300892448951e6

PODFILE CHECKSUM: 23284f89f3a48db209b6e9899c0a227c03684b6c

COCOAPODS: 1.10.1
