{
  "object": {
    "pins": [
      {
        "package": "abseil",
        "repositoryURL": "https://github.com/firebase/abseil-cpp-SwiftPM.git",
        "state": {
          "branch": null,
          "revision": "fffc3c2729be5747390ad02d5100291a0d9ad26a",
          "version": "0.20200225.4"
        }
      },
      {
        "package": "Alamofire",
        "repositoryURL": "https://github.com/Alamofire/Alamofire.git",
        "state": {
          "branch": null,
          "revision": "d120af1e8638c7da36c8481fd61a66c0c08dc4fc",
          "version": "5.4.4"
        }
      },
      {
        "package": "Amplitude",
        "repositoryURL": "https://github.com/amplitude/Amplitude-iOS",
        "state": {
          "branch": null,
          "revision": "fa2af27371ef3eaf54e839b84ee7238a8b95344c",
          "version": "8.4.0"
        }
      },
      {
        "package": "BEPureLayout",
        "repositoryURL": "https://github.com/bigearsenal/BEPureLayout",
        "state": {
          "branch": null,
          "revision": "5410cb000769edf2e368652864da7a8c5796c223",
          "version": "0.4.0"
        }
      },
      {
        "package": "BoringSSL-GRPC",
        "repositoryURL": "https://github.com/firebase/boringssl-SwiftPM.git",
        "state": {
          "branch": null,
          "revision": "734a8247442fde37df4364c21f6a0085b6a36728",
          "version": "0.7.2"
        }
      },
      {
        "package": "BufferLayoutSwift",
        "repositoryURL": "https://github.com/bigearsenal/BufferLayoutSwift.git",
        "state": {
          "branch": null,
          "revision": "26894ef3ad991b4be8766776e4465326bfb6273f",
          "version": "0.9.0"
        }
      },
      {
        "package": "Charts",
        "repositoryURL": "https://github.com/danielgindi/Charts",
        "state": {
          "branch": null,
          "revision": "66546404a6739173b8e436ab6bc1f2897cd08594",
          "version": "3.6.0"
        }
      },
      {
        "package": "CocoaLumberjack",
        "repositoryURL": "https://github.com/CocoaLumberjack/CocoaLumberjack.git",
        "state": {
          "branch": null,
          "revision": "e518eb6e362df327574ba5e04269cd6d29f40aec",
          "version": "3.7.2"
        }
      },
      {
        "package": "CryptoSwift",
        "repositoryURL": "https://github.com/krzyzanowskim/CryptoSwift.git",
        "state": {
          "branch": null,
          "revision": "8d4f6384e0a8cc41f2005247241dd553963a492a",
          "version": "1.4.1"
        }
      },
      {
        "package": "Firebase",
        "repositoryURL": "https://github.com/firebase/firebase-ios-sdk.git",
        "state": {
          "branch": null,
          "revision": "2f972249c520cbf87ac8856f176ebc994cb1c9a6",
          "version": "8.7.0"
        }
      },
      {
        "package": "GoogleAppMeasurement",
        "repositoryURL": "https://github.com/google/GoogleAppMeasurement.git",
        "state": {
          "branch": null,
          "revision": "4901bde146b0269da35470d261f741f0e910d8df",
          "version": "8.7.0"
        }
      },
      {
        "package": "GoogleDataTransport",
        "repositoryURL": "https://github.com/google/GoogleDataTransport.git",
        "state": {
          "branch": null,
          "revision": "7fb27ea49414b9c5483503cd06baa821c8654d1e",
          "version": "9.1.1"
        }
      },
      {
        "package": "GoogleUtilities",
        "repositoryURL": "https://github.com/google/GoogleUtilities.git",
        "state": {
          "branch": null,
          "revision": "616fac2626b6b2d1424d79a6f786b4e2ed1cfb49",
          "version": "7.5.2"
        }
      },
      {
        "package": "gRPC",
        "repositoryURL": "https://github.com/firebase/grpc-SwiftPM.git",
        "state": {
          "branch": null,
          "revision": "fb405dd2c7901485f7e158b24e3a0a47e4efd8b5",
          "version": "1.28.4"
        }
      },
      {
        "package": "GTMSessionFetcher",
        "repositoryURL": "https://github.com/google/gtm-session-fetcher.git",
        "state": {
          "branch": null,
          "revision": "bc6a19702ac76ac4e488b68148710eb815f9bc56",
          "version": "1.7.0"
        }
      },
      {
        "package": "KeychainSwift",
        "repositoryURL": "https://github.com/evgenyneu/keychain-swift",
        "state": {
          "branch": null,
          "revision": "96fb84f45a96630e7583903bd7e08cf095c7a7ef",
          "version": "19.0.0"
        }
      },
      {
        "package": "Kingfisher",
        "repositoryURL": "https://github.com/onevcat/Kingfisher",
        "state": {
          "branch": null,
          "revision": "8c65ddf756c633d01d9ae01092bf72f0c66dfc60",
          "version": "7.0.0"
        }
      },
      {
        "package": "leveldb",
        "repositoryURL": "https://github.com/firebase/leveldb.git",
        "state": {
          "branch": null,
          "revision": "0706abcc6b0bd9cedfbb015ba840e4a780b5159b",
          "version": "1.22.2"
        }
      },
      {
        "package": "nanopb",
        "repositoryURL": "https://github.com/firebase/nanopb.git",
        "state": {
          "branch": null,
          "revision": "7ee9ef9f627d85cbe1b8c4f49a3ed26eed216c77",
          "version": "2.30908.0"
        }
      },
      {
        "package": "OHHTTPStubs",
        "repositoryURL": "https://github.com/AliSoftware/OHHTTPStubs.git",
        "state": {
          "branch": null,
          "revision": "12f19662426d0434d6c330c6974d53e2eb10ecd9",
          "version": "9.1.0"
        }
      },
      {
        "package": "Promises",
        "repositoryURL": "https://github.com/google/promises.git",
        "state": {
          "branch": null,
          "revision": "611337c330350c9c1823ad6d671e7f936af5ee13",
          "version": "2.0.0"
        }
      },
      {
        "package": "PureLayout",
        "repositoryURL": "https://github.com/PureLayout/PureLayout.git",
        "state": {
          "branch": null,
          "revision": "3bcbfe370f85b81254de4d6b9df3dd4a70d4ca89",
          "version": "3.1.8"
        }
      },
      {
        "package": "Resolver",
        "repositoryURL": "https://github.com/hmlongco/Resolver",
        "state": {
          "branch": null,
          "revision": "609908e0b67911ebf7386609552a48d4ec07958e",
          "version": "1.4.4"
        }
      },
      {
        "package": "Runtime",
        "repositoryURL": "https://github.com/wickwirew/Runtime.git",
        "state": {
          "branch": null,
          "revision": "a848b81e1a0100801f572e5273ffe4352fd54088",
          "version": "2.2.2"
        }
      },
      {
        "package": "RxAlamofire",
        "repositoryURL": "https://github.com/RxSwiftCommunity/RxAlamofire.git",
        "state": {
          "branch": null,
          "revision": "9535b58695b91fb67f56d58d6fd0c76462d7743a",
          "version": "6.1.2"
        }
      },
      {
        "package": "RxAppState",
        "repositoryURL": "https://github.com/pixeldock/RxAppState",
        "state": {
          "branch": null,
          "revision": "956f438ea16481c1bd9a8ca3bc169af7435aaf0b",
          "version": "1.7.1"
        }
      },
      {
        "package": "RxSwift",
        "repositoryURL": "https://github.com/ReactiveX/RxSwift.git",
        "state": {
          "branch": null,
          "revision": "7c17a6ccca06b5c107cfa4284e634562ddaf5951",
          "version": "6.2.0"
        }
      },
      {
        "package": "secp256k1",
        "repositoryURL": "https://github.com/Boilertalk/secp256k1.swift.git",
        "state": {
          "branch": null,
          "revision": "823281fe9def21b384099b72a9a53ca988317b20",
          "version": "0.1.4"
        }
      },
      {
        "package": "SolanaSwift",
        "repositoryURL": "https://github.com/p2p-org/solana-swift",
        "state": {
          "branch": null,
          "revision": "788464436a0d3ad594e048e76227653f82bb4a52",
          "version": "1.0.0"
        }
      },
      {
        "package": "Starscream",
        "repositoryURL": "https://github.com/daltoniam/Starscream.git",
        "state": {
          "branch": null,
          "revision": "df8d82047f6654d8e4b655d1b1525c64e1059d21",
          "version": "4.0.4"
        }
      },
      {
        "package": "SubviewAttachingTextView",
        "repositoryURL": "https://github.com/vlas-voloshin/SubviewAttachingTextView",
        "state": {
          "branch": null,
          "revision": "6025828b6c05fbf5529616a70c702f7425899fe5",
          "version": "1.5.1"
        }
      },
      {
        "package": "SVGKit",
        "repositoryURL": "https://github.com/SVGKit/SVGKit",
        "state": {
          "branch": null,
          "revision": "58152b9f7c85eab239160b36ffdfd364aa43d666",
          "version": "3.0.0"
        }
      },
      {
        "package": "swift-log",
        "repositoryURL": "https://github.com/apple/swift-log.git",
        "state": {
          "branch": null,
          "revision": "5d66f7ba25daf4f94100e7022febf3c75e37a6c7",
          "version": "1.4.2"
        }
      },
      {
        "package": "SwiftProtobuf",
        "repositoryURL": "https://github.com/apple/swift-protobuf.git",
        "state": {
          "branch": null,
          "revision": "1f62db409f2c9b0223a3f68567b4a01333aae778",
          "version": "1.17.0"
        }
      },
      {
        "package": "SwiftyUserDefaults",
        "repositoryURL": "https://github.com/sunshinejr/SwiftyUserDefaults",
        "state": {
          "branch": null,
          "revision": "f66bcd04088582c8fbb5cb8554d577e303bae396",
          "version": "5.3.0"
        }
      },
      {
        "package": "TagListView",
        "repositoryURL": "https://github.com/ElaWorkshop/TagListView",
        "state": {
          "branch": null,
          "revision": "b30b61826736f4d9ec04aef5df891f3914423f16",
          "version": "1.4.1"
        }
      },
      {
        "package": "TweetNacl",
        "repositoryURL": "https://github.com/bitmark-inc/tweetnacl-swiftwrap.git",
        "state": {
          "branch": null,
          "revision": "d1552db4d907f2c5cb3d1bf1336496b2e16c8ecf",
          "version": "1.0.2"
        }
      },
      {
        "package": "UITextView+Placeholder",
        "repositoryURL": "https://github.com/devxoul/UITextView-Placeholder",
        "state": {
          "branch": null,
          "revision": "5a133b7efc4e8dd9de91c9eada48270d90c83ef0",
          "version": "1.4.0"
        }
      }
    ]
  },
  "version": 1
}
